<?xml version="1.0" encoding="utf-8"?>
<Project ToolsVersion="4.0" xmlns="http://schemas.microsoft.com/developer/msbuild/2003">
  <ItemGroup>
    <Filter Include="Source Files">
      <UniqueIdentifier>{4FC737F1-C7A5-4376-A066-2A32D752A2FF}</UniqueIdentifier>
      <Extensions>cpp;c;cc;cxx;c++;cppm;ixx;def;odl;idl;hpj;bat;asm;asmx</Extensions>
    </Filter>
    <Filter Include="Header Files">
      <UniqueIdentifier>{93995380-89BD-4b04-88EB-625FBE52EBFB}</UniqueIdentifier>
      <Extensions>h;hh;hpp;hxx;h++;hm;inl;inc;ipp;xsd</Extensions>
    </Filter>
    <Filter Include="Resource Files">
      <UniqueIdentifier>{67DA6AB6-F800-4c08-8B7A-83BB121AAD01}</UniqueIdentifier>
      <Extensions>rc;ico;cur;bmp;dlg;rc2;rct;bin;rgs;gif;jpg;jpeg;jpe;resx;tiff;tif;png;wav;mfcribbon-ms</Extensions>
    </Filter>
  </ItemGroup>
  <ItemGroup>
    <ClInclude Include="coins.h">
      <Filter>Header Files</Filter>
    </ClInclude>
    <ClInclude Include="contract.h">
      <Filter>Header Files</Filter>
    </ClInclude>
    <ClInclude Include="derivatives.h">
      <Filter>Header Files</Filter>
    </ClInclude>
    <ClInclude Include="exchanges.h">
      <Filter>Header Files</Filter>
    </ClInclude>
    <ClInclude Include="exchange_rates.h">
      <Filter>Header Files</Filter>
    </ClInclude>
    <ClInclude Include="finance.h">
      <Filter>Header Files</Filter>
    </ClInclude>
    <ClInclude Include="gecko.h">
      <Filter>Header Files</Filter>
    </ClInclude>
    <ClInclude Include="global.h">
      <Filter>Header Files</Filter>
    </ClInclude>
    <ClInclude Include="indexes.h">
      <Filter>Header Files</Filter>
    </ClInclude>
    <ClInclude Include="simple.h">
      <Filter>Header Files</Filter>
    </ClInclude>
    <ClInclude Include="status_updates.h">
      <Filter>Header Files</Filter>
    </ClInclude>
    <ClInclude Include="trending.h">
      <Filter>Header Files</Filter>
    </ClInclude>
    <ClInclude Include="web.h">
      <Filter>Header Files</Filter>
    </ClInclude>
    <ClInclude Include="asset_platforms.h">
      <Filter>Header Files</Filter>
    </ClInclude>
    <ClInclude Include="categories.h">
      <Filter>Header Files</Filter>
    </ClInclude>
    <ClInclude Include="companies.h">
      <Filter>Header Files</Filter>
    </ClInclude>
  </ItemGroup>
  <ItemGroup>
    <ClCompile Include="coins.cpp">
      <Filter>Source Files</Filter>
    </ClCompile>
    <ClCompile Include="contract.cpp">
      <Filter>Source Files</Filter>
    </ClCompile>
    <ClCompile Include="derivatives.cpp">
      <Filter>Source Files</Filter>
    </ClCompile>
    <ClCompile Include="exchange_rates.cpp">
      <Filter>Source Files</Filter>
    </ClCompile>
    <ClCompile Include="exchanges.cpp">
      <Filter>Source Files</Filter>
    </ClCompile>
    <ClCompile Include="finance.cpp">
      <Filter>Source Files</Filter>
    </ClCompile>
    <ClCompile Include="gecko.cpp">
      <Filter>Source Files</Filter>
    </ClCompile>
    <ClCompile Include="global.cpp">
      <Filter>Source Files</Filter>
    </ClCompile>
    <ClCompile Include="indexes.cpp">
      <Filter>Source Files</Filter>
    </ClCompile>
    <ClCompile Include="simple.cpp">
      <Filter>Source Files</Filter>
    </ClCompile>
    <ClCompile Include="status_updates.cpp">
      <Filter>Source Files</Filter>
    </ClCompile>
    <ClCompile Include="trending.cpp">
      <Filter>Source Files</Filter>
    </ClCompile>
    <ClCompile Include="web.cpp">
      <Filter>Source Files</Filter>
    </ClCompile>
    <ClCompile Include="asset_platforms.cpp">
      <Filter>Source Files</Filter>
    </ClCompile>
    <ClCompile Include="companies.cpp">
      <Filter>Source Files</Filter>
    </ClCompile>
    <ClCompile Include="categories.cpp">
      <Filter>Source Files</Filter>
    </ClCompile>
  </ItemGroup>
</Project>